<?xml version="1.0" encoding="utf-8"?>
<Project ToolsVersion="4.0" xmlns="http://schemas.microsoft.com/developer/msbuild/2003">
  <ItemGroup>
    <Filter Include="ソース ファイル">
      <UniqueIdentifier>{4FC737F1-C7A5-4376-A066-2A32D752A2FF}</UniqueIdentifier>
      <Extensions>cpp;c;cc;cxx;def;odl;idl;hpj;bat;asm;asmx</Extensions>
    </Filter>
    <Filter Include="ヘッダー ファイル">
      <UniqueIdentifier>{93995380-89BD-4b04-88EB-625FBE52EBFB}</UniqueIdentifier>
      <Extensions>h;hh;hpp;hxx;hm;inl;inc;xsd</Extensions>
    </Filter>
    <Filter Include="リソース ファイル">
      <UniqueIdentifier>{67DA6AB6-F800-4c08-8B7A-83BB121AAD01}</UniqueIdentifier>
      <Extensions>rc;ico;cur;bmp;dlg;rc2;rct;bin;rgs;gif;jpg;jpeg;jpe;resx;tiff;tif;png;wav;mfcribbon-ms</Extensions>
    </Filter>
    <Filter Include="remember_game">
      <UniqueIdentifier>{25ffb2db-9bd1-4498-a545-f0c41b08081a}</UniqueIdentifier>
    </Filter>
    <Filter Include="fly_game">
      <UniqueIdentifier>{29d0d2ce-fd3c-4542-af27-880a490b5526}</UniqueIdentifier>
    </Filter>
    <Filter Include="flag_raicing_game">
      <UniqueIdentifier>{4f46a3df-0854-4415-aad7-c9d3fc618435}</UniqueIdentifier>
    </Filter>
  </ItemGroup>
  <ItemGroup>
    <ClCompile Include="tutorial.cpp">
      <Filter>ソース ファイル</Filter>
    </ClCompile>
    <ClCompile Include="title.cpp">
      <Filter>ソース ファイル</Filter>
    </ClCompile>
    <ClCompile Include="sound.cpp">
      <Filter>ソース ファイル</Filter>
    </ClCompile>
    <ClCompile Include="score.cpp">
      <Filter>ソース ファイル</Filter>
    </ClCompile>
    <ClCompile Include="scene3d.cpp">
      <Filter>ソース ファイル</Filter>
    </ClCompile>
    <ClCompile Include="scene2d.cpp">
      <Filter>ソース ファイル</Filter>
    </ClCompile>
    <ClCompile Include="scene.cpp">
      <Filter>ソース ファイル</Filter>
    </ClCompile>
    <ClCompile Include="result.cpp">
      <Filter>ソース ファイル</Filter>
    </ClCompile>
    <ClCompile Include="renderer.cpp">
      <Filter>ソース ファイル</Filter>
    </ClCompile>
    <ClCompile Include="polygon.cpp">
      <Filter>ソース ファイル</Filter>
    </ClCompile>
    <ClCompile Include="pause.cpp">
      <Filter>ソース ファイル</Filter>
    </ClCompile>
    <ClCompile Include="particle.cpp">
      <Filter>ソース ファイル</Filter>
    </ClCompile>
    <ClCompile Include="number.cpp">
      <Filter>ソース ファイル</Filter>
    </ClCompile>
    <ClCompile Include="mouse.cpp">
      <Filter>ソース ファイル</Filter>
    </ClCompile>
    <ClCompile Include="manager.cpp">
      <Filter>ソース ファイル</Filter>
    </ClCompile>
    <ClCompile Include="main.cpp">
      <Filter>ソース ファイル</Filter>
    </ClCompile>
    <ClCompile Include="keyboard.cpp">
      <Filter>ソース ファイル</Filter>
    </ClCompile>
    <ClCompile Include="joypad.cpp">
      <Filter>ソース ファイル</Filter>
    </ClCompile>
    <ClCompile Include="input.cpp">
      <Filter>ソース ファイル</Filter>
    </ClCompile>
    <ClCompile Include="game.cpp">
      <Filter>ソース ファイル</Filter>
    </ClCompile>
    <ClCompile Include="fade.cpp">
      <Filter>ソース ファイル</Filter>
    </ClCompile>
    <ClCompile Include="bg.cpp">
      <Filter>ソース ファイル</Filter>
    </ClCompile>
    <ClCompile Include="debug_log.cpp">
      <Filter>ソース ファイル</Filter>
    </ClCompile>
    <ClCompile Include="model.cpp">
      <Filter>ソース ファイル</Filter>
    </ClCompile>
    <ClCompile Include="model_hierarchy.cpp">
      <Filter>ソース ファイル</Filter>
    </ClCompile>
    <ClCompile Include="motion.cpp">
      <Filter>ソース ファイル</Filter>
    </ClCompile>
    <ClCompile Include="light.cpp">
      <Filter>ソース ファイル</Filter>
    </ClCompile>
    <ClCompile Include="collision.cpp">
      <Filter>ソース ファイル</Filter>
    </ClCompile>
    <ClCompile Include="billboard.cpp">
      <Filter>ソース ファイル</Filter>
    </ClCompile>
    <ClCompile Include="resource_texture.cpp">
      <Filter>ソース ファイル</Filter>
    </ClCompile>
    <ClCompile Include="resource_model.cpp">
      <Filter>ソース ファイル</Filter>
    </ClCompile>
    <ClCompile Include="player.cpp">
      <Filter>ソース ファイル</Filter>
    </ClCompile>
    <ClCompile Include="flipper.cpp">
      <Filter>ソース ファイル</Filter>
    </ClCompile>
    <ClCompile Include="captain.cpp">
      <Filter>ソース ファイル</Filter>
    </ClCompile>
    <ClCompile Include="camera_tps.cpp">
      <Filter>ソース ファイル</Filter>
    </ClCompile>
    <ClCompile Include="camera_base.cpp">
      <Filter>ソース ファイル</Filter>
    </ClCompile>
    <ClCompile Include="count_selection.cpp">
      <Filter>ソース ファイル</Filter>
    </ClCompile>
    <ClCompile Include="remember_game\remember_rule.cpp">
      <Filter>remember_game</Filter>
    </ClCompile>
    <ClCompile Include="fly_game\camera_flygame.cpp">
      <Filter>fly_game</Filter>
    </ClCompile>
    <ClCompile Include="fly_game\rule_flygame.cpp">
      <Filter>fly_game</Filter>
    </ClCompile>
    <ClCompile Include="fly_game\player_flygame.cpp">
      <Filter>fly_game</Filter>
    </ClCompile>
    <ClCompile Include="timelimit.cpp">
      <Filter>ソース ファイル</Filter>
    </ClCompile>
    <ClCompile Include="mini_result.cpp">
      <Filter>ソース ファイル</Filter>
    </ClCompile>
    <ClCompile Include="resource_shader.cpp">
      <Filter>ソース ファイル</Filter>
    </ClCompile>
    <ClCompile Include="rank_ui.cpp">
      <Filter>ソース ファイル</Filter>
    </ClCompile>
    <ClCompile Include="flag_raicing_game_rule\flag_raicing_game_rule.cpp">
      <Filter>flag_raicing_game</Filter>
    </ClCompile>
    <ClCompile Include="cloud.cpp">
      <Filter>ソース ファイル</Filter>
    </ClCompile>
    <ClCompile Include="remember_game\player_remember.cpp">
      <Filter>ソース ファイル</Filter>
    </ClCompile>
    <ClCompile Include="rule_manager.cpp">
      <Filter>ソース ファイル</Filter>
    </ClCompile>
    <ClCompile Include="fly_game\thunder.cpp">
      <Filter>fly_game</Filter>
    </ClCompile>
    <ClCompile Include="blind.cpp">
      <Filter>ソース ファイル</Filter>
    </ClCompile>
    <ClCompile Include="flag_raicing_game_camera.cpp">
      <Filter>flag_raicing_game</Filter>
    </ClCompile>
    <ClCompile Include="remember_game\snow.cpp">
      <Filter>ソース ファイル</Filter>
    </ClCompile>
  </ItemGroup>
  <ItemGroup>
    <ClInclude Include="bg.h">
      <Filter>ヘッダー ファイル</Filter>
    </ClInclude>
    <ClInclude Include="game.h">
      <Filter>ヘッダー ファイル</Filter>
    </ClInclude>
    <ClInclude Include="input.h">
      <Filter>ヘッダー ファイル</Filter>
    </ClInclude>
    <ClInclude Include="joypad.h">
      <Filter>ヘッダー ファイル</Filter>
    </ClInclude>
    <ClInclude Include="keyboard.h">
      <Filter>ヘッダー ファイル</Filter>
    </ClInclude>
    <ClInclude Include="main.h">
      <Filter>ヘッダー ファイル</Filter>
    </ClInclude>
    <ClInclude Include="manager.h">
      <Filter>ヘッダー ファイル</Filter>
    </ClInclude>
    <ClInclude Include="mouse.h">
      <Filter>ヘッダー ファイル</Filter>
    </ClInclude>
    <ClInclude Include="number.h">
      <Filter>ヘッダー ファイル</Filter>
    </ClInclude>
    <ClInclude Include="particle.h">
      <Filter>ヘッダー ファイル</Filter>
    </ClInclude>
    <ClInclude Include="pause.h">
      <Filter>ヘッダー ファイル</Filter>
    </ClInclude>
    <ClInclude Include="polygon.h">
      <Filter>ヘッダー ファイル</Filter>
    </ClInclude>
    <ClInclude Include="renderer.h">
      <Filter>ヘッダー ファイル</Filter>
    </ClInclude>
    <ClInclude Include="result.h">
      <Filter>ヘッダー ファイル</Filter>
    </ClInclude>
    <ClInclude Include="scene.h">
      <Filter>ヘッダー ファイル</Filter>
    </ClInclude>
    <ClInclude Include="scene2d.h">
      <Filter>ヘッダー ファイル</Filter>
    </ClInclude>
    <ClInclude Include="scene3d.h">
      <Filter>ヘッダー ファイル</Filter>
    </ClInclude>
    <ClInclude Include="score.h">
      <Filter>ヘッダー ファイル</Filter>
    </ClInclude>
    <ClInclude Include="sound.h">
      <Filter>ヘッダー ファイル</Filter>
    </ClInclude>
    <ClInclude Include="title.h">
      <Filter>ヘッダー ファイル</Filter>
    </ClInclude>
    <ClInclude Include="tutorial.h">
      <Filter>ヘッダー ファイル</Filter>
    </ClInclude>
    <ClInclude Include="fade.h">
      <Filter>ヘッダー ファイル</Filter>
    </ClInclude>
    <ClInclude Include="debug_log.h">
      <Filter>ヘッダー ファイル</Filter>
    </ClInclude>
    <ClInclude Include="model.h">
      <Filter>ヘッダー ファイル</Filter>
    </ClInclude>
    <ClInclude Include="model_hierarchy.h">
      <Filter>ヘッダー ファイル</Filter>
    </ClInclude>
    <ClInclude Include="motion.h">
      <Filter>ヘッダー ファイル</Filter>
    </ClInclude>
    <ClInclude Include="light.h">
      <Filter>ヘッダー ファイル</Filter>
    </ClInclude>
    <ClInclude Include="collision.h">
      <Filter>ヘッダー ファイル</Filter>
    </ClInclude>
    <ClInclude Include="billboard.h">
      <Filter>ヘッダー ファイル</Filter>
    </ClInclude>
    <ClInclude Include="resource_texture.h">
      <Filter>ヘッダー ファイル</Filter>
    </ClInclude>
    <ClInclude Include="resource_model.h">
      <Filter>ヘッダー ファイル</Filter>
    </ClInclude>
    <ClInclude Include="player.h">
      <Filter>ヘッダー ファイル</Filter>
    </ClInclude>
    <ClInclude Include="flipper.h">
      <Filter>ヘッダー ファイル</Filter>
    </ClInclude>
    <ClInclude Include="rule_base.h">
      <Filter>ヘッダー ファイル</Filter>
    </ClInclude>
    <ClInclude Include="captain.h">
      <Filter>ヘッダー ファイル</Filter>
    </ClInclude>
    <ClInclude Include="camera_tps.h">
      <Filter>ヘッダー ファイル</Filter>
    </ClInclude>
    <ClInclude Include="camera_base.h">
      <Filter>ヘッダー ファイル</Filter>
    </ClInclude>
    <ClInclude Include="remember_game\remember_rule.h">
      <Filter>remember_game</Filter>
    </ClInclude>
    <ClInclude Include="count_selection.h">
      <Filter>ヘッダー ファイル</Filter>
    </ClInclude>
    <ClInclude Include="fly_game\rule_flygame.h">
      <Filter>fly_game</Filter>
    </ClInclude>
    <ClInclude Include="fly_game\player_flygame.h">
      <Filter>fly_game</Filter>
    </ClInclude>
    <ClInclude Include="timelimit.h">
      <Filter>ヘッダー ファイル</Filter>
    </ClInclude>
    <ClInclude Include="mini_result.h">
      <Filter>ヘッダー ファイル</Filter>
    </ClInclude>
    <ClInclude Include="resource_shader.h">
      <Filter>ヘッダー ファイル</Filter>
    </ClInclude>
    <ClInclude Include="rank_ui.h">
      <Filter>ヘッダー ファイル</Filter>
    </ClInclude>
    <ClInclude Include="flag_raicing_game_rule\flag_raicing_game_rule.h">
      <Filter>flag_raicing_game</Filter>
    </ClInclude>
    <ClInclude Include="fly_game\camera_flygame.h">
      <Filter>fly_game</Filter>
    </ClInclude>
    <ClInclude Include="rule_manager.h">
      <Filter>ヘッダー ファイル</Filter>
    </ClInclude>
    <ClInclude Include="player_remember.h">
      <Filter>remember_game</Filter>
    </ClInclude>
    <ClInclude Include="cloud.h">
      <Filter>ヘッダー ファイル</Filter>
    </ClInclude>
    <ClInclude Include="fly_game\thunder.h">
      <Filter>fly_game</Filter>
    </ClInclude>
    <ClInclude Include="blind.h">
      <Filter>ヘッダー ファイル</Filter>
    </ClInclude>
    <ClInclude Include="flag_raicing_game_camera.h">
      <Filter>flag_raicing_game</Filter>
    </ClInclude>
    <ClInclude Include="remember_game\snow.h">
      <Filter>ヘッダー ファイル</Filter>
    </ClInclude>
  </ItemGroup>
</Project>