<?xml version="1.0" encoding="utf-8"?>
<Project ToolsVersion="4.0" xmlns="http://schemas.microsoft.com/developer/msbuild/2003">
  <ItemGroup>
    <Filter Include="ソース ファイル">
      <UniqueIdentifier>{4FC737F1-C7A5-4376-A066-2A32D752A2FF}</UniqueIdentifier>
      <Extensions>cpp;c;cc;cxx;def;odl;idl;hpj;bat;asm;asmx</Extensions>
    </Filter>
    <Filter Include="ヘッダー ファイル">
      <UniqueIdentifier>{93995380-89BD-4b04-88EB-625FBE52EBFB}</UniqueIdentifier>
      <Extensions>h;hh;hpp;hxx;hm;inl;inc;xsd</Extensions>
    </Filter>
    <Filter Include="リソース ファイル">
      <UniqueIdentifier>{67DA6AB6-F800-4c08-8B7A-83BB121AAD01}</UniqueIdentifier>
      <Extensions>rc;ico;cur;bmp;dlg;rc2;rct;bin;rgs;gif;jpg;jpeg;jpe;resx;tiff;tif;png;wav;mfcribbon-ms</Extensions>
    </Filter>
  </ItemGroup>
  <ItemGroup>
    <ClCompile Include="tutorial.cpp">
      <Filter>ソース ファイル</Filter>
    </ClCompile>
    <ClCompile Include="title.cpp">
      <Filter>ソース ファイル</Filter>
    </ClCompile>
    <ClCompile Include="sound.cpp">
      <Filter>ソース ファイル</Filter>
    </ClCompile>
    <ClCompile Include="score.cpp">
      <Filter>ソース ファイル</Filter>
    </ClCompile>
    <ClCompile Include="scene3d.cpp">
      <Filter>ソース ファイル</Filter>
    </ClCompile>
    <ClCompile Include="scene2d.cpp">
      <Filter>ソース ファイル</Filter>
    </ClCompile>
    <ClCompile Include="scene.cpp">
      <Filter>ソース ファイル</Filter>
    </ClCompile>
    <ClCompile Include="result.cpp">
      <Filter>ソース ファイル</Filter>
    </ClCompile>
    <ClCompile Include="renderer.cpp">
      <Filter>ソース ファイル</Filter>
    </ClCompile>
    <ClCompile Include="polygon.cpp">
      <Filter>ソース ファイル</Filter>
    </ClCompile>
    <ClCompile Include="pause.cpp">
      <Filter>ソース ファイル</Filter>
    </ClCompile>
    <ClCompile Include="particle.cpp">
      <Filter>ソース ファイル</Filter>
    </ClCompile>
    <ClCompile Include="number.cpp">
      <Filter>ソース ファイル</Filter>
    </ClCompile>
    <ClCompile Include="mouse.cpp">
      <Filter>ソース ファイル</Filter>
    </ClCompile>
    <ClCompile Include="manager.cpp">
      <Filter>ソース ファイル</Filter>
    </ClCompile>
    <ClCompile Include="main.cpp">
      <Filter>ソース ファイル</Filter>
    </ClCompile>
    <ClCompile Include="keyboard.cpp">
      <Filter>ソース ファイル</Filter>
    </ClCompile>
    <ClCompile Include="joypad.cpp">
      <Filter>ソース ファイル</Filter>
    </ClCompile>
    <ClCompile Include="input.cpp">
      <Filter>ソース ファイル</Filter>
    </ClCompile>
    <ClCompile Include="game.cpp">
      <Filter>ソース ファイル</Filter>
    </ClCompile>
    <ClCompile Include="fade.cpp">
      <Filter>ソース ファイル</Filter>
    </ClCompile>
    <ClCompile Include="camera.cpp">
      <Filter>ソース ファイル</Filter>
    </ClCompile>
    <ClCompile Include="bg.cpp">
      <Filter>ソース ファイル</Filter>
    </ClCompile>
    <ClCompile Include="debug_log.cpp">
      <Filter>ソース ファイル</Filter>
    </ClCompile>
    <ClCompile Include="model.cpp">
      <Filter>ソース ファイル</Filter>
    </ClCompile>
    <ClCompile Include="model_hierarchy.cpp">
      <Filter>ソース ファイル</Filter>
    </ClCompile>
    <ClCompile Include="motion.cpp">
      <Filter>ソース ファイル</Filter>
    </ClCompile>
    <ClCompile Include="light.cpp">
      <Filter>ソース ファイル</Filter>
    </ClCompile>
    <ClCompile Include="model_shader.cpp">
      <Filter>ソース ファイル</Filter>
    </ClCompile>
    <ClCompile Include="collision.cpp">
      <Filter>ソース ファイル</Filter>
    </ClCompile>
    <ClCompile Include="billboard.cpp">
      <Filter>ソース ファイル</Filter>
    </ClCompile>
    <ClCompile Include="resource_texture.cpp">
      <Filter>ソース ファイル</Filter>
    </ClCompile>
    <ClCompile Include="resource_model.cpp">
      <Filter>ソース ファイル</Filter>
    </ClCompile>
    <ClCompile Include="player.cpp">
      <Filter>ソース ファイル</Filter>
    </ClCompile>
    <ClCompile Include="flipper.cpp">
      <Filter>ソース ファイル</Filter>
    </ClCompile>
  </ItemGroup>
  <ItemGroup>
    <ClInclude Include="bg.h">
      <Filter>ヘッダー ファイル</Filter>
    </ClInclude>
    <ClInclude Include="camera.h">
      <Filter>ヘッダー ファイル</Filter>
    </ClInclude>
    <ClInclude Include="game.h">
      <Filter>ヘッダー ファイル</Filter>
    </ClInclude>
    <ClInclude Include="input.h">
      <Filter>ヘッダー ファイル</Filter>
    </ClInclude>
    <ClInclude Include="joypad.h">
      <Filter>ヘッダー ファイル</Filter>
    </ClInclude>
    <ClInclude Include="keyboard.h">
      <Filter>ヘッダー ファイル</Filter>
    </ClInclude>
    <ClInclude Include="main.h">
      <Filter>ヘッダー ファイル</Filter>
    </ClInclude>
    <ClInclude Include="manager.h">
      <Filter>ヘッダー ファイル</Filter>
    </ClInclude>
    <ClInclude Include="mouse.h">
      <Filter>ヘッダー ファイル</Filter>
    </ClInclude>
    <ClInclude Include="number.h">
      <Filter>ヘッダー ファイル</Filter>
    </ClInclude>
    <ClInclude Include="particle.h">
      <Filter>ヘッダー ファイル</Filter>
    </ClInclude>
    <ClInclude Include="pause.h">
      <Filter>ヘッダー ファイル</Filter>
    </ClInclude>
    <ClInclude Include="polygon.h">
      <Filter>ヘッダー ファイル</Filter>
    </ClInclude>
    <ClInclude Include="renderer.h">
      <Filter>ヘッダー ファイル</Filter>
    </ClInclude>
    <ClInclude Include="result.h">
      <Filter>ヘッダー ファイル</Filter>
    </ClInclude>
    <ClInclude Include="scene.h">
      <Filter>ヘッダー ファイル</Filter>
    </ClInclude>
    <ClInclude Include="scene2d.h">
      <Filter>ヘッダー ファイル</Filter>
    </ClInclude>
    <ClInclude Include="scene3d.h">
      <Filter>ヘッダー ファイル</Filter>
    </ClInclude>
    <ClInclude Include="score.h">
      <Filter>ヘッダー ファイル</Filter>
    </ClInclude>
    <ClInclude Include="sound.h">
      <Filter>ヘッダー ファイル</Filter>
    </ClInclude>
    <ClInclude Include="title.h">
      <Filter>ヘッダー ファイル</Filter>
    </ClInclude>
    <ClInclude Include="tutorial.h">
      <Filter>ヘッダー ファイル</Filter>
    </ClInclude>
    <ClInclude Include="fade.h">
      <Filter>ヘッダー ファイル</Filter>
    </ClInclude>
    <ClInclude Include="debug_log.h">
      <Filter>ヘッダー ファイル</Filter>
    </ClInclude>
    <ClInclude Include="model.h">
      <Filter>ヘッダー ファイル</Filter>
    </ClInclude>
    <ClInclude Include="model_hierarchy.h">
      <Filter>ヘッダー ファイル</Filter>
    </ClInclude>
    <ClInclude Include="motion.h">
      <Filter>ヘッダー ファイル</Filter>
    </ClInclude>
    <ClInclude Include="light.h">
      <Filter>ヘッダー ファイル</Filter>
    </ClInclude>
    <ClInclude Include="model_shader.h">
      <Filter>ヘッダー ファイル</Filter>
    </ClInclude>
    <ClInclude Include="collision.h">
      <Filter>ヘッダー ファイル</Filter>
    </ClInclude>
    <ClInclude Include="billboard.h">
      <Filter>ヘッダー ファイル</Filter>
    </ClInclude>
    <ClInclude Include="resource_texture.h">
      <Filter>ヘッダー ファイル</Filter>
    </ClInclude>
    <ClInclude Include="resource_model.h">
      <Filter>ヘッダー ファイル</Filter>
    </ClInclude>
    <ClInclude Include="player.h">
      <Filter>ヘッダー ファイル</Filter>
    </ClInclude>
    <ClInclude Include="flipper.h">
      <Filter>ヘッダー ファイル</Filter>
    </ClInclude>
  </ItemGroup>
</Project>